# THIS IS AN AUTOGENERATED FILE. DO NOT EDIT THIS FILE DIRECTLY.
# yarn lockfile v1


"@pandazy/mole-config@0.1.2":
  version "0.1.2"
  resolved "https://registry.yarnpkg.com/@pandazy/mole-config/-/mole-config-0.1.2.tgz#c95e5153ac922d7cc3bb21ddb4335788823aade5"
  integrity sha512-gbX4GE5z52ObIwioN/olBraJrsDGnYvnb4UpODJxCCo58apl0lgHuajF0Wai3hD66TGoiHWrmlZMkn51GK968g==

chalk@5.2.0:
  version "5.2.0"
  resolved "https://registry.yarnpkg.com/chalk/-/chalk-5.2.0.tgz#249623b7d66869c673699fb66d65723e54dfcfb3"
  integrity sha512-ree3Gqw/nazQAPuJJEy+avdl7QfZMcUvmHIKgEZkGL+xOBzRvup5Hxo6LHuMceSxOabuJLJm5Yp/92R9eMmMvA==
